
Microsoft Visual Studio Solution File, Format Version 12.00
# Visual Studio Version 17
VisualStudioVersion = 17.14.36121.58
MinimumVisualStudioVersion = 10.0.40219.1
Project("{FAE04EC0-301F-11D3-BF4B-00C04F79EFBC}") = "SafeTalkApp", "SafeTalkApp\SafeTalkApp.csproj", "{07521906-B6AD-40F5-9771-583AEA59E316}"
EndProject
Project("{FAE04EC0-301F-11D3-BF4B-00C04F79EFBC}") = "SafeTalkApp.Tests", "SafeTalkApp.Tests\SafeTalkApp.Tests.csproj", "{661F1076-AA56-4C20-905F-D7F0395D2C58}"
EndProject
Global
	GlobalSection(SolutionConfigurationPlatforms) = preSolution
		Debug|Any CPU = Debug|Any CPU
		Release|Any CPU = Release|Any CPU
	EndGlobalSection
	GlobalSection(ProjectConfigurationPlatforms) = postSolution
		{07521906-B6AD-40F5-9771-583AEA59E316}.Debug|Any CPU.ActiveCfg = Debug|Any CPU
		{07521906-B6AD-40F5-9771-583AEA59E316}.Debug|Any CPU.Build.0 = Debug|Any CPU
		{07521906-B6AD-40F5-9771-583AEA59E316}.Release|Any CPU.ActiveCfg = Release|Any CPU
		{07521906-B6AD-40F5-9771-583AEA59E316}.Release|Any CPU.Build.0 = Release|Any CPU
		{661F1076-AA56-4C20-905F-D7F0395D2C58}.Debug|Any CPU.ActiveCfg = Debug|Any CPU
		{661F1076-AA56-4C20-905F-D7F0395D2C58}.Debug|Any CPU.Build.0 = Debug|Any CPU
		{661F1076-AA56-4C20-905F-D7F0395D2C58}.Release|Any CPU.ActiveCfg = Release|Any CPU
		{661F1076-AA56-4C20-905F-D7F0395D2C58}.Release|Any CPU.Build.0 = Release|Any CPU
	EndGlobalSection
	GlobalSection(SolutionProperties) = preSolution
		HideSolutionNode = FALSE
	EndGlobalSection
	GlobalSection(ExtensibilityGlobals) = postSolution
		SolutionGuid = {983F299E-7C9A-4F80-A2CB-E8F92A625332}
	EndGlobalSection
EndGlobal
